// !$*UTF8*$!
{
	archiveVersion = 1;
	classes = {
	};
	objectVersion = 50;
	objects = {

/* Begin PBXBuildFile section */
		17813B6D210F98E50012C01D /* AppDelegate.swift in Sources */ = {isa = PBXBuildFile; fileRef = 17813B6C210F98E50012C01D /* AppDelegate.swift */; };
		17813B6F210F98E50012C01D /* ProfileViewController.swift in Sources */ = {isa = PBXBuildFile; fileRef = 17813B6E210F98E50012C01D /* ProfileViewController.swift */; };
		17813B74210F98E60012C01D /* Main.storyboard in Resources */ = {isa = PBXBuildFile; fileRef = 17813B72210F98E60012C01D /* Main.storyboard */; };
		17813B76210F98E60012C01D /* Assets.xcassets in Resources */ = {isa = PBXBuildFile; fileRef = 17813B75210F98E60012C01D /* Assets.xcassets */; };
		17813B79210F98E60012C01D /* LaunchScreen.storyboard in Resources */ = {isa = PBXBuildFile; fileRef = 17813B77210F98E60012C01D /* LaunchScreen.storyboard */; };
		17C73958210FA34400F41526 /* ViewControllerTableViewCell.swift in Sources */ = {isa = PBXBuildFile; fileRef = 17C73957210FA34400F41526 /* ViewControllerTableViewCell.swift */; };
		17C739BC2110B17600F41526 /* ProfileDetailViewController.swift in Sources */ = {isa = PBXBuildFile; fileRef = 17C739BB2110B17600F41526 /* ProfileDetailViewController.swift */; };
/* End PBXBuildFile section */

/* Begin PBXFileReference section */
		17813B69210F98E50012C01D /* tableInTabbed.app */ = {isa = PBXFileReference; explicitFileType = wrapper.application; includeInIndex = 0; path = tableInTabbed.app; sourceTree = BUILT_PRODUCTS_DIR; };
		17813B6C210F98E50012C01D /* AppDelegate.swift */ = {isa = PBXFileReference; lastKnownFileType = sourcecode.swift; path = AppDelegate.swift; sourceTree = "<group>"; };
		17813B6E210F98E50012C01D /* ProfileViewController.swift */ = {isa = PBXFileReference; lastKnownFileType = sourcecode.swift; path = ProfileViewController.swift; sourceTree = "<group>"; };
		17813B73210F98E60012C01D /* Base */ = {isa = PBXFileReference; lastKnownFileType = file.storyboard; name = Base; path = Base.lproj/Main.storyboard; sourceTree = "<group>"; };
		17813B75210F98E60012C01D /* Assets.xcassets */ = {isa = PBXFileReference; lastKnownFileType = folder.assetcatalog; path = Assets.xcassets; sourceTree = "<group>"; };
		17813B78210F98E60012C01D /* Base */ = {isa = PBXFileReference; lastKnownFileType = file.storyboard; name = Base; path = Base.lproj/LaunchScreen.storyboard; sourceTree = "<group>"; };
		17813B7A210F98E60012C01D /* Info.plist */ = {isa = PBXFileReference; lastKnownFileType = text.plist.xml; path = Info.plist; sourceTree = "<group>"; };
		17C73957210FA34400F41526 /* ViewControllerTableViewCell.swift */ = {isa = PBXFileReference; lastKnownFileType = sourcecode.swift; path = ViewControllerTableViewCell.swift; sourceTree = "<group>"; };
		17C739BB2110B17600F41526 /* ProfileDetailViewController.swift */ = {isa = PBXFileReference; lastKnownFileType = sourcecode.swift; path = ProfileDetailViewController.swift; sourceTree = "<group>"; };
/* End PBXFileReference section */

/* Begin PBXFrameworksBuildPhase section */
		17813B66210F98E50012C01D /* Frameworks */ = {
			isa = PBXFrameworksBuildPhase;
			buildActionMask = 2147483647;
			files = (
			);
			runOnlyForDeploymentPostprocessing = 0;
		};
/* End PBXFrameworksBuildPhase section */

/* Begin PBXGroup section */
		17813B60210F98E50012C01D = {
			isa = PBXGroup;
			children = (
				17813B6B210F98E50012C01D /* tableInTabbed */,
				17813B6A210F98E50012C01D /* Products */,
			);
			sourceTree = "<group>";
		};
		17813B6A210F98E50012C01D /* Products */ = {
			isa = PBXGroup;
			children = (
				17813B69210F98E50012C01D /* tableInTabbed.app */,
			);
			name = Products;
			sourceTree = "<group>";
		};
		17813B6B210F98E50012C01D /* tableInTabbed */ = {
			isa = PBXGroup;
			children = (
				17813B6C210F98E50012C01D /* AppDelegate.swift */,
				17813B6E210F98E50012C01D /* ProfileViewController.swift */,
				17C739BB2110B17600F41526 /* ProfileDetailViewController.swift */,
				17813B72210F98E60012C01D /* Main.storyboard */,
				17813B75210F98E60012C01D /* Assets.xcassets */,
				17813B77210F98E60012C01D /* LaunchScreen.storyboard */,
				17813B7A210F98E60012C01D /* Info.plist */,
				17C73957210FA34400F41526 /* ViewControllerTableViewCell.swift */,
			);
			path = tableInTabbed;
			sourceTree = "<group>";
		};
/* End PBXGroup section */

/* Begin PBXNativeTarget section */
		17813B68210F98E50012C01D /* tableInTabbed */ = {
			isa = PBXNativeTarget;
			buildConfigurationList = 17813B7D210F98E60012C01D /* Build configuration list for PBXNativeTarget "tableInTabbed" */;
			buildPhases = (
				17813B65210F98E50012C01D /* Sources */,
				17813B66210F98E50012C01D /* Frameworks */,
				17813B67210F98E50012C01D /* Resources */,
			);
			buildRules = (
			);
			dependencies = (
			);
			name = tableInTabbed;
			productName = tableInTabbed;
			productReference = 17813B69210F98E50012C01D /* tableInTabbed.app */;
			productType = "com.apple.product-type.application";
		};
/* End PBXNativeTarget section */

/* Begin PBXProject section */
		17813B61210F98E50012C01D /* Project object */ = {
			isa = PBXProject;
			attributes = {
				LastSwiftUpdateCheck = 0940;
				LastUpgradeCheck = 0940;
				ORGANIZATIONNAME = "LR Web Design";
				TargetAttributes = {
					17813B68210F98E50012C01D = {
						CreatedOnToolsVersion = 9.4.1;
					};
				};
			};
			buildConfigurationList = 17813B64210F98E50012C01D /* Build configuration list for PBXProject "tableInTabbed" */;
			compatibilityVersion = "Xcode 9.3";
			developmentRegion = en;
			hasScannedForEncodings = 0;
			knownRegions = (
				en,
				Base,
			);
			mainGroup = 17813B60210F98E50012C01D;
			productRefGroup = 17813B6A210F98E50012C01D /* Products */;
			projectDirPath = "";
			projectRoot = "";
			targets = (
				17813B68210F98E50012C01D /* tableInTabbed */,
			);
		};
/* End PBXProject section */

/* Begin PBXResourcesBuildPhase section */
		17813B67210F98E50012C01D /* Resources */ = {
			isa = PBXResourcesBuildPhase;
			buildActionMask = 2147483647;
			files = (
				17813B79210F98E60012C01D /* LaunchScreen.storyboard in Resources */,
				17813B76210F98E60012C01D /* Assets.xcassets in Resources */,
				17813B74210F98E60012C01D /* Main.storyboard in Resources */,
			);
			runOnlyForDeploymentPostprocessing = 0;
		};
/* End PBXResourcesBuildPhase section */

/* Begin PBXSourcesBuildPhase section */
		17813B65210F98E50012C01D /* Sources */ = {
			isa = PBXSourcesBuildPhase;
			buildActionMask = 2147483647;
			files = (
				17813B6D210F98E50012C01D /* AppDelegate.swift in Sources */,
				17C739BC2110B17600F41526 /* ProfileDetailViewController.swift in Sources */,
				17813B6F210F98E50012C01D /* ProfileViewController.swift in Sources */,
				17C73958210FA34400F41526 /* ViewControllerTableViewCell.swift in Sources */,
			);
			runOnlyForDeploymentPostprocessing = 0;
		};
/* End PBXSourcesBuildPhase section */

/* Begin PBXVariantGroup section */
		17813B72210F98E60012C01D /* Main.storyboard */ = {
			isa = PBXVariantGroup;
			children = (
				17813B73210F98E60012C01D /* Base */,
			);
			name = Main.storyboard;
			sourceTree = "<group>";
		};
		17813B77210F98E60012C01D /* LaunchScreen.storyboard */ = {
			isa = PBXVariantGroup;
			children = (
				17813B78210F98E60012C01D /* Base */,
			);
			name = LaunchScreen.storyboard;
			sourceTree = "<group>";
		};
/* End PBXVariantGroup section */

/* Begin XCBuildConfiguration section */
		17813B7B210F98E60012C01D /* Debug */ = {
			isa = XCBuildConfiguration;
			buildSettings = {
				ALWAYS_SEARCH_USER_PATHS = NO;
				CLANG_ANALYZER_NONNULL = YES;
				CLANG_ANALYZER_NUMBER_OBJECT_CONVERSION = YES_AGGRESSIVE;
				CLANG_CXX_LANGUAGE_STANDARD = "gnu++14";
				CLANG_CXX_LIBRARY = "libc++";
				CLANG_ENABLE_MODULES = YES;
				CLANG_ENABLE_OBJC_ARC = YES;
				CLANG_ENABLE_OBJC_WEAK = YES;
				CLANG_WARN_BLOCK_CAPTURE_AUTORELEASING = YES;
				CLANG_WARN_BOOL_CONVERSION = YES;
				CLANG_WARN_COMMA = YES;
				CLANG_WARN_CONSTANT_CONVERSION = YES;
				CLANG_WARN_DEPRECATED_OBJC_IMPLEMENTATIONS = YES;
				CLANG_WARN_DIRECT_OBJC_ISA_USAGE = YES_ERROR;
				CLANG_WARN_DOCUMENTATION_COMMENTS = YES;
				CLANG_WARN_EMPTY_BODY = YES;
				CLANG_WARN_ENUM_CONVERSION = YES;
				CLANG_WARN_INFINITE_RECURSION = YES;
				CLANG_WARN_INT_CONVERSION = YES;
				CLANG_WARN_NON_LITERAL_NULL_CONVERSION = YES;
				CLANG_WARN_OBJC_IMPLICIT_RETAIN_SELF = YES;
				CLANG_WARN_OBJC_LITERAL_CONVERSION = YES;
				CLANG_WARN_OBJC_ROOT_CLASS = YES_ERROR;
				CLANG_WARN_RANGE_LOOP_ANALYSIS = YES;
				CLANG_WARN_STRICT_PROTOTYPES = YES;
				CLANG_WARN_SUSPICIOUS_MOVE = YES;
				CLANG_WARN_UNGUARDED_AVAILABILITY = YES_AGGRESSIVE;
				CLANG_WARN_UNREACHABLE_CODE = YES;
				CLANG_WARN__DUPLICATE_METHOD_MATCH = YES;
				CODE_SIGN_IDENTITY = "iPhone Developer";
				COPY_PHASE_STRIP = NO;
				DEBUG_INFORMATION_FORMAT = dwarf;
				ENABLE_STRICT_OBJC_MSGSEND = YES;
				ENABLE_TESTABILITY = YES;
				GCC_C_LANGUAGE_STANDARD = gnu11;
				GCC_DYNAMIC_NO_PIC = NO;
				GCC_NO_COMMON_BLOCKS = YES;
				GCC_OPTIMIZATION_LEVEL = 0;
				GCC_PREPROCESSOR_DEFINITIONS = (
					"DEBUG=1",
					"$(inherited)",
				);
				GCC_WARN_64_TO_32_BIT_CONVERSION = YES;
				GCC_WARN_ABOUT_RETURN_TYPE = YES_ERROR;
				GCC_WARN_UNDECLARED_SELECTOR = YES;
				GCC_WARN_UNINITIALIZED_AUTOS = YES_AGGRESSIVE;
				GCC_WARN_UNUSED_FUNCTION = YES;
				GCC_WARN_UNUSED_VARIABLE = YES;
				IPHONEOS_DEPLOYMENT_TARGET = 11.4;
				MTL_ENABLE_DEBUG_INFO = YES;
				ONLY_ACTIVE_ARCH = YES;
				SDKROOT = iphoneos;
				SWIFT_ACTIVE_COMPILATION_CONDITIONS = DEBUG;
				SWIFT_OPTIMIZATION_LEVEL = "-Onone";
			};
			name = Debug;
		};
		17813B7C210F98E60012C01D /* Release */ = {
			isa = XCBuildConfiguration;
			buildSettings = {
				ALWAYS_SEARCH_USER_PATHS = NO;
				CLANG_ANALYZER_NONNULL = YES;
				CLANG_ANALYZER_NUMBER_OBJECT_CONVERSION = YES_AGGRESSIVE;
				CLANG_CXX_LANGUAGE_STANDARD = "gnu++14";
				CLANG_CXX_LIBRARY = "libc++";
				CLANG_ENABLE_MODULES = YES;
				CLANG_ENABLE_OBJC_ARC = YES;
				CLANG_ENABLE_OBJC_WEAK = YES;
				CLANG_WARN_BLOCK_CAPTURE_AUTORELEASING = YES;
				CLANG_WARN_BOOL_CONVERSION = YES;
				CLANG_WARN_COMMA = YES;
				CLANG_WARN_CONSTANT_CONVERSION = YES;
				CLANG_WARN_DEPRECATED_OBJC_IMPLEMENTATIONS = YES;
				CLANG_WARN_DIRECT_OBJC_ISA_USAGE = YES_ERROR;
				CLANG_WARN_DOCUMENTATION_COMMENTS = YES;
				CLANG_WARN_EMPTY_BODY = YES;
				CLANG_WARN_ENUM_CONVERSION = YES;
				CLANG_WARN_INFINITE_RECURSION = YES;
				CLANG_WARN_INT_CONVERSION = YES;
				CLANG_WARN_NON_LITERAL_NULL_CONVERSION = YES;
				CLANG_WARN_OBJC_IMPLICIT_RETAIN_SELF = YES;
				CLANG_WARN_OBJC_LITERAL_CONVERSION = YES;
				CLANG_WARN_OBJC_ROOT_CLASS = YES_ERROR;
				CLANG_WARN_RANGE_LOOP_ANALYSIS = YES;
				CLANG_WARN_STRICT_PROTOTYPES = YES;
				CLANG_WARN_SUSPICIOUS_MOVE = YES;
				CLANG_WARN_UNGUARDED_AVAILABILITY = YES_AGGRESSIVE;
				CLANG_WARN_UNREACHABLE_CODE = YES;
				CLANG_WARN__DUPLICATE_METHOD_MATCH = YES;
				CODE_SIGN_IDENTITY = "iPhone Developer";
				COPY_PHASE_STRIP = NO;
				DEBUG_INFORMATION_FORMAT = "dwarf-with-dsym";
				ENABLE_NS_ASSERTIONS = NO;
				ENABLE_STRICT_OBJC_MSGSEND = YES;
				GCC_C_LANGUAGE_STANDARD = gnu11;
				GCC_NO_COMMON_BLOCKS = YES;
				GCC_WARN_64_TO_32_BIT_CONVERSION = YES;
				GCC_WARN_ABOUT_RETURN_TYPE = YES_ERROR;
				GCC_WARN_UNDECLARED_SELECTOR = YES;
				GCC_WARN_UNINITIALIZED_AUTOS = YES_AGGRESSIVE;
				GCC_WARN_UNUSED_FUNCTION = YES;
				GCC_WARN_UNUSED_VARIABLE = YES;
				IPHONEOS_DEPLOYMENT_TARGET = 11.4;
				MTL_ENABLE_DEBUG_INFO = NO;
				SDKROOT = iphoneos;
				SWIFT_COMPILATION_MODE = wholemodule;
				SWIFT_OPTIMIZATION_LEVEL = "-O";
				VALIDATE_PRODUCT = YES;
			};
			name = Release;
		};
		17813B7E210F98E60012C01D /* Debug */ = {
			isa = XCBuildConfiguration;
			buildSettings = {
				ASSETCATALOG_COMPILER_APPICON_NAME = AppIcon;
				CODE_SIGN_STYLE = Automatic;
				DEVELOPMENT_TEAM = H2L6QYQXKX;
				INFOPLIST_FILE = tableInTabbed/Info.plist;
				LD_RUNPATH_SEARCH_PATHS = (
					"$(inherited)",
					"@executable_path/Frameworks",
				);
				PRODUCT_BUNDLE_IDENTIFIER = com.bunlongheng.tableInTabbed;
				PRODUCT_NAME = "$(TARGET_NAME)";
				SWIFT_VERSION = 4.0;
				TARGETED_DEVICE_FAMILY = "1,2";
			};
			name = Debug;
		};
		17813B7F210F98E60012C01D /* Release */ = {
			isa = XCBuildConfiguration;
			buildSettings = {
				ASSETCATALOG_COMPILER_APPICON_NAME = AppIcon;
				CODE_SIGN_STYLE = Automatic;
				DEVELOPMENT_TEAM = H2L6QYQXKX;
				INFOPLIST_FILE = tableInTabbed/Info.plist;
				LD_RUNPATH_SEARCH_PATHS = (
					"$(inherited)",
					"@executable_path/Frameworks",
				);
				PRODUCT_BUNDLE_IDENTIFIER = com.bunlongheng.tableInTabbed;
				PRODUCT_NAME = "$(TARGET_NAME)";
				SWIFT_VERSION = 4.0;
				TARGETED_DEVICE_FAMILY = "1,2";
			};
			name = Release;
		};
/* End XCBuildConfiguration section */

/* Begin XCConfigurationList section */
		17813B64210F98E50012C01D /* Build configuration list for PBXProject "tableInTabbed" */ = {
			isa = XCConfigurationList;
			buildConfigurations = (
				17813B7B210F98E60012C01D /* Debug */,
				17813B7C210F98E60012C01D /* Release */,
			);
			defaultConfigurationIsVisible = 0;
			defaultConfigurationName = Release;
		};
		17813B7D210F98E60012C01D /* Build configuration list for PBXNativeTarget "tableInTabbed" */ = {
			isa = XCConfigurationList;
			buildConfigurations = (
				17813B7E210F98E60012C01D /* Debug */,
				17813B7F210F98E60012C01D /* Release */,
			);
			defaultConfigurationIsVisible = 0;
			defaultConfigurationName = Release;
		};
/* End XCConfigurationList section */
	};
	rootObject = 17813B61210F98E50012C01D /* Project object */;
}
